
Microsoft Visual Studio Solution File, Format Version 12.00
# Visual Studio Version 17
VisualStudioVersion = 17.7.34031.279
MinimumVisualStudioVersion = 10.0.40219.1
Project("{FAE04EC0-301F-11D3-BF4B-00C04F79EFBC}") = "lab7", "lab7\lab7.csproj", "{69FE36F5-BBE1-475D-9056-0BD104AC4C29}"
EndProject
Global
	GlobalSection(SolutionConfigurationPlatforms) = preSolution
		Debug|Any CPU = Debug|Any CPU
		Release|Any CPU = Release|Any CPU
	EndGlobalSection
	GlobalSection(ProjectConfigurationPlatforms) = postSolution
		{69FE36F5-BBE1-475D-9056-0BD104AC4C29}.Debug|Any CPU.ActiveCfg = Debug|Any CPU
		{69FE36F5-BBE1-475D-9056-0BD104AC4C29}.Debug|Any CPU.Build.0 = Debug|Any CPU
		{69FE36F5-BBE1-475D-9056-0BD104AC4C29}.Release|Any CPU.ActiveCfg = Release|Any CPU
		{69FE36F5-BBE1-475D-9056-0BD104AC4C29}.Release|Any CPU.Build.0 = Release|Any CPU
	EndGlobalSection
	GlobalSection(SolutionProperties) = preSolution
		HideSolutionNode = FALSE
	EndGlobalSection
	GlobalSection(ExtensibilityGlobals) = postSolution
		SolutionGuid = {A5D8AEC8-44F3-4A84-B1CD-88A1241B5156}
	EndGlobalSection
EndGlobal
